
Microsoft Visual Studio Solution File, Format Version 12.00
Project("{FAE04EC0-301F-11D3-BF4B-00C04F79EFBC}") = "SOAPConsumer", "SOAPConsumer\SOAPConsumer.csproj", "{AF472D0B-6463-43EC-A715-8F5ED2A4528A}"
EndProject
Global
	GlobalSection(SolutionConfigurationPlatforms) = preSolution
		Debug|Any CPU = Debug|Any CPU
		Release|Any CPU = Release|Any CPU
	EndGlobalSection
	GlobalSection(ProjectConfigurationPlatforms) = postSolution
		{AF472D0B-6463-43EC-A715-8F5ED2A4528A}.Debug|Any CPU.ActiveCfg = Debug|Any CPU
		{AF472D0B-6463-43EC-A715-8F5ED2A4528A}.Debug|Any CPU.Build.0 = Debug|Any CPU
		{AF472D0B-6463-43EC-A715-8F5ED2A4528A}.Release|Any CPU.ActiveCfg = Release|Any CPU
		{AF472D0B-6463-43EC-A715-8F5ED2A4528A}.Release|Any CPU.Build.0 = Release|Any CPU
	EndGlobalSection
EndGlobal
